{
  "lockfile_version": "1",
  "packages": {
    "hugo@latest": {
      "last_modified": "2023-12-13T22:54:10Z",
      "resolved": "github:NixOS/nixpkgs/fd04bea4cbf76f86f244b9e2549fca066db8ddff#hugo",
      "source": "devbox-search",
      "version": "0.121.1",
      "systems": {
        "aarch64-darwin": {
          "store_path": "/nix/store/xrvfccx93yf7dca8gfk7drqg43i8ga3q-hugo-0.121.1"
        },
        "aarch64-linux": {
          "store_path": "/nix/store/i9szpapc16rcrcgmiq8ji518pwryg2kb-hugo-0.121.1"
        },
        "x86_64-darwin": {
          "store_path": "/nix/store/8njnc3x909dnr2mvyc3j6zspgha3s4vn-hugo-0.121.1"
        },
        "x86_64-linux": {
          "store_path": "/nix/store/kl2ljcny9a5myfmgl6f6xnhqfgy2wbvp-hugo-0.121.1"
        }
      }
    },
    "pre-commit@latest": {
      "last_modified": "2023-12-18T02:58:18Z",
      "resolved": "github:NixOS/nixpkgs/ca16221251951e9c6261a1a2bb4f9389038d3632#pre-commit",
      "source": "devbox-search",
      "version": "3.6.0",
      "systems": {
        "aarch64-darwin": {
          "store_path": "/nix/store/kqcsln2s7pzvfdcvrli83h6g6g53cqy2-pre-commit-3.6.0"
        },
        "aarch64-linux": {
          "store_path": "/nix/store/slxrc87y13zmcf6vkacrc0v246d3yk8z-pre-commit-3.6.0"
        },
        "x86_64-darwin": {
          "store_path": "/nix/store/rk08dqbm19bqj8mgwsny3fgl1kr2g2g1-pre-commit-3.6.0"
        },
        "x86_64-linux": {
          "store_path": "/nix/store/5lnzp86aag0gr0da61sq4x00l1pzm0rl-pre-commit-3.6.0"
        }
      }
    }
  }
}
